
Microsoft Visual Studio Solution File, Format Version 12.00
# Visual Studio Version 17
VisualStudioVersion = 17.3.32922.545
MinimumVisualStudioVersion = 10.0.40219.1
Project("{FAE04EC0-301F-11D3-BF4B-00C04F79EFBC}") = "PracticaGit", "PracticaGit\PracticaGit.csproj", "{0E19E17D-72CA-453C-8A48-A0C650D0834E}"
EndProject
Global
	GlobalSection(SolutionConfigurationPlatforms) = preSolution
		Debug|Any CPU = Debug|Any CPU
		Release|Any CPU = Release|Any CPU
	EndGlobalSection
	GlobalSection(ProjectConfigurationPlatforms) = postSolution
		{0E19E17D-72CA-453C-8A48-A0C650D0834E}.Debug|Any CPU.ActiveCfg = Debug|Any CPU
		{0E19E17D-72CA-453C-8A48-A0C650D0834E}.Debug|Any CPU.Build.0 = Debug|Any CPU
		{0E19E17D-72CA-453C-8A48-A0C650D0834E}.Release|Any CPU.ActiveCfg = Release|Any CPU
		{0E19E17D-72CA-453C-8A48-A0C650D0834E}.Release|Any CPU.Build.0 = Release|Any CPU
	EndGlobalSection
	GlobalSection(SolutionProperties) = preSolution
		HideSolutionNode = FALSE
	EndGlobalSection
	GlobalSection(ExtensibilityGlobals) = postSolution
		SolutionGuid = {F99B65EA-4883-4B0F-ADE9-5F580DD9B92F}
	EndGlobalSection
EndGlobal
